
Microsoft Visual Studio Solution File, Format Version 12.00
# Visual Studio 15
VisualStudioVersion = 15.0.27428.2027
MinimumVisualStudioVersion = 10.0.40219.1
Project("{FAE04EC0-301F-11D3-BF4B-00C04F79EFBC}") = "SamplePrintableForm", "SamplePrintableForm\SamplePrintableForm.csproj", "{1A82EEF0-3D46-4E3D-BFBC-84206CF779DF}"
EndProject
Global
	GlobalSection(SolutionConfigurationPlatforms) = preSolution
		Debug|Any CPU = Debug|Any CPU
		Release|Any CPU = Release|Any CPU
	EndGlobalSection
	GlobalSection(ProjectConfigurationPlatforms) = postSolution
		{1A82EEF0-3D46-4E3D-BFBC-84206CF779DF}.Debug|Any CPU.ActiveCfg = Debug|Any CPU
		{1A82EEF0-3D46-4E3D-BFBC-84206CF779DF}.Debug|Any CPU.Build.0 = Debug|Any CPU
		{1A82EEF0-3D46-4E3D-BFBC-84206CF779DF}.Release|Any CPU.ActiveCfg = Release|Any CPU
		{1A82EEF0-3D46-4E3D-BFBC-84206CF779DF}.Release|Any CPU.Build.0 = Release|Any CPU
	EndGlobalSection
	GlobalSection(SolutionProperties) = preSolution
		HideSolutionNode = FALSE
	EndGlobalSection
	GlobalSection(ExtensibilityGlobals) = postSolution
		SolutionGuid = {F32B47E9-0047-46DB-8EE4-CD25A289900C}
	EndGlobalSection
EndGlobal
